
Microsoft Visual Studio Solution File, Format Version 12.00
# Visual Studio 15
VisualStudioVersion = 15.0.28010.2026
MinimumVisualStudioVersion = 10.0.40219.1
Project("{FAE04EC0-301F-11D3-BF4B-00C04F79EFBC}") = "CSharpLevel2", "CSharpLevel2\CSharpLevel2.csproj", "{7EC8253D-C886-4EA4-AE59-F20F59FB8ED0}"
EndProject
Global
	GlobalSection(SolutionConfigurationPlatforms) = preSolution
		Debug|Any CPU = Debug|Any CPU
		Release|Any CPU = Release|Any CPU
	EndGlobalSection
	GlobalSection(ProjectConfigurationPlatforms) = postSolution
		{7EC8253D-C886-4EA4-AE59-F20F59FB8ED0}.Debug|Any CPU.ActiveCfg = Debug|Any CPU
		{7EC8253D-C886-4EA4-AE59-F20F59FB8ED0}.Debug|Any CPU.Build.0 = Debug|Any CPU
		{7EC8253D-C886-4EA4-AE59-F20F59FB8ED0}.Release|Any CPU.ActiveCfg = Release|Any CPU
		{7EC8253D-C886-4EA4-AE59-F20F59FB8ED0}.Release|Any CPU.Build.0 = Release|Any CPU
	EndGlobalSection
	GlobalSection(SolutionProperties) = preSolution
		HideSolutionNode = FALSE
	EndGlobalSection
	GlobalSection(ExtensibilityGlobals) = postSolution
		SolutionGuid = {AE06E9D0-F85D-4175-BBBD-7347497724E9}
	EndGlobalSection
EndGlobal
